
Microsoft Visual Studio Solution File, Format Version 12.00
Project("{FAE04EC0-301F-11D3-BF4B-00C04F79EFBC}") = "Friends", "Friends\Friends.csproj", "{F96CFCDF-7EC7-4723-8B43-2240F2AB5545}"
EndProject
Global
	GlobalSection(SolutionConfigurationPlatforms) = preSolution
		Debug|Any CPU = Debug|Any CPU
		Release|Any CPU = Release|Any CPU
	EndGlobalSection
	GlobalSection(ProjectConfigurationPlatforms) = postSolution
		{F96CFCDF-7EC7-4723-8B43-2240F2AB5545}.Debug|Any CPU.ActiveCfg = Debug|Any CPU
		{F96CFCDF-7EC7-4723-8B43-2240F2AB5545}.Debug|Any CPU.Build.0 = Debug|Any CPU
		{F96CFCDF-7EC7-4723-8B43-2240F2AB5545}.Release|Any CPU.ActiveCfg = Release|Any CPU
		{F96CFCDF-7EC7-4723-8B43-2240F2AB5545}.Release|Any CPU.Build.0 = Release|Any CPU
	EndGlobalSection
EndGlobal
