
Microsoft Visual Studio Solution File, Format Version 12.00
Project("{FAE04EC0-301F-11D3-BF4B-00C04F79EFBC}") = "ClassLibraries", "ClassLibraries\ClassLibraries.csproj", "{D8114DB2-2E35-4CB4-B3EB-9C8ACC5007E0}"
EndProject
Project("{FAE04EC0-301F-11D3-BF4B-00C04F79EFBC}") = "ClassLibrary1", "ClassLibrary1\ClassLibrary1.csproj", "{871599D8-C972-4361-853A-358A4615E564}"
EndProject
Global
	GlobalSection(SolutionConfigurationPlatforms) = preSolution
		Debug|Any CPU = Debug|Any CPU
		Release|Any CPU = Release|Any CPU
	EndGlobalSection
	GlobalSection(ProjectConfigurationPlatforms) = postSolution
		{D8114DB2-2E35-4CB4-B3EB-9C8ACC5007E0}.Debug|Any CPU.ActiveCfg = Debug|Any CPU
		{D8114DB2-2E35-4CB4-B3EB-9C8ACC5007E0}.Debug|Any CPU.Build.0 = Debug|Any CPU
		{D8114DB2-2E35-4CB4-B3EB-9C8ACC5007E0}.Release|Any CPU.ActiveCfg = Release|Any CPU
		{D8114DB2-2E35-4CB4-B3EB-9C8ACC5007E0}.Release|Any CPU.Build.0 = Release|Any CPU
		{871599D8-C972-4361-853A-358A4615E564}.Debug|Any CPU.ActiveCfg = Debug|Any CPU
		{871599D8-C972-4361-853A-358A4615E564}.Debug|Any CPU.Build.0 = Debug|Any CPU
		{871599D8-C972-4361-853A-358A4615E564}.Release|Any CPU.ActiveCfg = Release|Any CPU
		{871599D8-C972-4361-853A-358A4615E564}.Release|Any CPU.Build.0 = Release|Any CPU
	EndGlobalSection
EndGlobal
